{
  "requires": true,
  "lockfileVersion": 1,
  "dependencies": {
    "puzzy-search": {
      "version": "1.0.20",
      "resolved": "https://registry.npmjs.org/puzzy-search/-/puzzy-search-1.0.20.tgz",
      "integrity": "sha512-KQe/xb1d18KsUPw6npYJsxEdasuNbCXhU3uCLHVbtpVHdsnE5R9+0WxnTuKTVvAW0sZIUodHH7f8D/SnkMASww=="
    }
  }
}
